
Microsoft Visual Studio Solution File, Format Version 12.00
Project("{FAE04EC0-301F-11D3-BF4B-00C04F79EFBC}") = "Ya.Practicum.StrintOne", "Ya.Practicum.StrintOne\Ya.Practicum.StrintOne.csproj", "{351E02CC-3628-41B1-94A3-3B16EF78A08E}"
EndProject
Global
	GlobalSection(SolutionConfigurationPlatforms) = preSolution
		Debug|Any CPU = Debug|Any CPU
		Release|Any CPU = Release|Any CPU
	EndGlobalSection
	GlobalSection(ProjectConfigurationPlatforms) = postSolution
		{351E02CC-3628-41B1-94A3-3B16EF78A08E}.Debug|Any CPU.ActiveCfg = Debug|Any CPU
		{351E02CC-3628-41B1-94A3-3B16EF78A08E}.Debug|Any CPU.Build.0 = Debug|Any CPU
		{351E02CC-3628-41B1-94A3-3B16EF78A08E}.Release|Any CPU.ActiveCfg = Release|Any CPU
		{351E02CC-3628-41B1-94A3-3B16EF78A08E}.Release|Any CPU.Build.0 = Release|Any CPU
	EndGlobalSection
EndGlobal
